
Microsoft Visual Studio Solution File, Format Version 12.00
# Visual Studio 14
VisualStudioVersion = 14.0.24720.0
MinimumVisualStudioVersion = 10.0.40219.1
Project("{FAE04EC0-301F-11D3-BF4B-00C04F79EFBC}") = "Stash.Test", "Tests.Stash\Stash.Test.csproj", "{EF874049-BC13-43AA-AFFE-FC7D4C8ADB59}"
EndProject
Project("{FAE04EC0-301F-11D3-BF4B-00C04F79EFBC}") = "Stash", "Stash\Stash.csproj", "{36D99553-643D-4293-A87D-03C0ED14BB79}"
EndProject
Project("{2150E333-8FDC-42A3-9474-1A3956D46DE8}") = "Build", "Build", "{DFCE12C9-1E4C-4190-9377-9FBBB2575689}"
	ProjectSection(SolutionItems) = preProject
		build_default.props = build_default.props
	EndProjectSection
EndProject
Global
	GlobalSection(SolutionConfigurationPlatforms) = preSolution
		Debug|Any CPU = Debug|Any CPU
		Release|Any CPU = Release|Any CPU
	EndGlobalSection
	GlobalSection(ProjectConfigurationPlatforms) = postSolution
		{EF874049-BC13-43AA-AFFE-FC7D4C8ADB59}.Debug|Any CPU.ActiveCfg = Debug|Any CPU
		{EF874049-BC13-43AA-AFFE-FC7D4C8ADB59}.Debug|Any CPU.Build.0 = Debug|Any CPU
		{EF874049-BC13-43AA-AFFE-FC7D4C8ADB59}.Release|Any CPU.ActiveCfg = Release|Any CPU
		{EF874049-BC13-43AA-AFFE-FC7D4C8ADB59}.Release|Any CPU.Build.0 = Release|Any CPU
		{36D99553-643D-4293-A87D-03C0ED14BB79}.Debug|Any CPU.ActiveCfg = Debug|Any CPU
		{36D99553-643D-4293-A87D-03C0ED14BB79}.Debug|Any CPU.Build.0 = Debug|Any CPU
		{36D99553-643D-4293-A87D-03C0ED14BB79}.Release|Any CPU.ActiveCfg = Release|Any CPU
		{36D99553-643D-4293-A87D-03C0ED14BB79}.Release|Any CPU.Build.0 = Release|Any CPU
	EndGlobalSection
	GlobalSection(SolutionProperties) = preSolution
		HideSolutionNode = FALSE
	EndGlobalSection
EndGlobal
